// !$*UTF8*$!
{
	archiveVersion = 1;
	classes = {
	};
	objectVersion = 56;
	objects = {

/* Begin PBXBuildFile section */
		4764E13E2996F55100EC982A /* swiftuibootcampApp.swift in Sources */ = {isa = PBXBuildFile; fileRef = 4764E13D2996F55100EC982A /* swiftuibootcampApp.swift */; };
		4764E1402996F55100EC982A /* ContentView.swift in Sources */ = {isa = PBXBuildFile; fileRef = 4764E13F2996F55100EC982A /* ContentView.swift */; };
		4764E1422996F55300EC982A /* Assets.xcassets in Resources */ = {isa = PBXBuildFile; fileRef = 4764E1412996F55300EC982A /* Assets.xcassets */; };
		4764E1452996F55300EC982A /* Preview Assets.xcassets in Resources */ = {isa = PBXBuildFile; fileRef = 4764E1442996F55300EC982A /* Preview Assets.xcassets */; };
		4764E14C2996F5DF00EC982A /* TextBootCamp.swift in Sources */ = {isa = PBXBuildFile; fileRef = 4764E14B2996F5DF00EC982A /* TextBootCamp.swift */; };
		4764E1502996FCE000EC982A /* ShapsBootcamp.swift in Sources */ = {isa = PBXBuildFile; fileRef = 4764E14F2996FCE000EC982A /* ShapsBootcamp.swift */; };
		4764E1522997057E00EC982A /* ColorBootCamp.swift in Sources */ = {isa = PBXBuildFile; fileRef = 4764E1512997057E00EC982A /* ColorBootCamp.swift */; };
		4764E1542997F24500EC982A /* GradientBootcamp.swift in Sources */ = {isa = PBXBuildFile; fileRef = 4764E1532997F24500EC982A /* GradientBootcamp.swift */; };
		4764E1562999215500EC982A /* IconsBootcamp.swift in Sources */ = {isa = PBXBuildFile; fileRef = 4764E1552999215500EC982A /* IconsBootcamp.swift */; };
		4764E158299925BA00EC982A /* ImagesBootcamp.swift in Sources */ = {isa = PBXBuildFile; fileRef = 4764E157299925BA00EC982A /* ImagesBootcamp.swift */; };
		477F9B9E299AEE420058B36C /* FrameBootCamp.swift in Sources */ = {isa = PBXBuildFile; fileRef = 477F9B9D299AEE420058B36C /* FrameBootCamp.swift */; };
		477F9BA0299AF6C60058B36C /* BackgroundBootcamp.swift in Sources */ = {isa = PBXBuildFile; fileRef = 477F9B9F299AF6C60058B36C /* BackgroundBootcamp.swift */; };
		47A84D4C299FAC8E006F4DCF /* StacksBootcamp.swift in Sources */ = {isa = PBXBuildFile; fileRef = 47A84D4B299FAC8E006F4DCF /* StacksBootcamp.swift */; };
		47A84D4E29A13BA2006F4DCF /* PaddingAndSpaccerBootcamp.swift in Sources */ = {isa = PBXBuildFile; fileRef = 47A84D4D29A13BA2006F4DCF /* PaddingAndSpaccerBootcamp.swift */; };
/* End PBXBuildFile section */

/* Begin PBXFileReference section */
		4764E13A2996F55100EC982A /* swiftuibootcamp.app */ = {isa = PBXFileReference; explicitFileType = wrapper.application; includeInIndex = 0; path = swiftuibootcamp.app; sourceTree = BUILT_PRODUCTS_DIR; };
		4764E13D2996F55100EC982A /* swiftuibootcampApp.swift */ = {isa = PBXFileReference; lastKnownFileType = sourcecode.swift; path = swiftuibootcampApp.swift; sourceTree = "<group>"; };
		4764E13F2996F55100EC982A /* ContentView.swift */ = {isa = PBXFileReference; lastKnownFileType = sourcecode.swift; path = ContentView.swift; sourceTree = "<group>"; };
		4764E1412996F55300EC982A /* Assets.xcassets */ = {isa = PBXFileReference; lastKnownFileType = folder.assetcatalog; path = Assets.xcassets; sourceTree = "<group>"; };
		4764E1442996F55300EC982A /* Preview Assets.xcassets */ = {isa = PBXFileReference; lastKnownFileType = folder.assetcatalog; path = "Preview Assets.xcassets"; sourceTree = "<group>"; };
		4764E14B2996F5DF00EC982A /* TextBootCamp.swift */ = {isa = PBXFileReference; lastKnownFileType = sourcecode.swift; path = TextBootCamp.swift; sourceTree = "<group>"; };
		4764E14F2996FCE000EC982A /* ShapsBootcamp.swift */ = {isa = PBXFileReference; lastKnownFileType = sourcecode.swift; path = ShapsBootcamp.swift; sourceTree = "<group>"; };
		4764E1512997057E00EC982A /* ColorBootCamp.swift */ = {isa = PBXFileReference; lastKnownFileType = sourcecode.swift; path = ColorBootCamp.swift; sourceTree = "<group>"; };
		4764E1532997F24500EC982A /* GradientBootcamp.swift */ = {isa = PBXFileReference; lastKnownFileType = sourcecode.swift; path = GradientBootcamp.swift; sourceTree = "<group>"; };
		4764E1552999215500EC982A /* IconsBootcamp.swift */ = {isa = PBXFileReference; lastKnownFileType = sourcecode.swift; path = IconsBootcamp.swift; sourceTree = "<group>"; };
		4764E157299925BA00EC982A /* ImagesBootcamp.swift */ = {isa = PBXFileReference; lastKnownFileType = sourcecode.swift; path = ImagesBootcamp.swift; sourceTree = "<group>"; };
		477F9B9D299AEE420058B36C /* FrameBootCamp.swift */ = {isa = PBXFileReference; lastKnownFileType = sourcecode.swift; path = FrameBootCamp.swift; sourceTree = "<group>"; };
		477F9B9F299AF6C60058B36C /* BackgroundBootcamp.swift */ = {isa = PBXFileReference; lastKnownFileType = sourcecode.swift; path = BackgroundBootcamp.swift; sourceTree = "<group>"; };
		47A84D4B299FAC8E006F4DCF /* StacksBootcamp.swift */ = {isa = PBXFileReference; lastKnownFileType = sourcecode.swift; path = StacksBootcamp.swift; sourceTree = "<group>"; };
		47A84D4D29A13BA2006F4DCF /* PaddingAndSpaccerBootcamp.swift */ = {isa = PBXFileReference; lastKnownFileType = sourcecode.swift; path = PaddingAndSpaccerBootcamp.swift; sourceTree = "<group>"; };
/* End PBXFileReference section */

/* Begin PBXFrameworksBuildPhase section */
		4764E1372996F55100EC982A /* Frameworks */ = {
			isa = PBXFrameworksBuildPhase;
			buildActionMask = 2147483647;
			files = (
			);
			runOnlyForDeploymentPostprocessing = 0;
		};
/* End PBXFrameworksBuildPhase section */

/* Begin PBXGroup section */
		4764E1312996F55100EC982A = {
			isa = PBXGroup;
			children = (
				4764E13C2996F55100EC982A /* swiftuibootcamp */,
				4764E13B2996F55100EC982A /* Products */,
			);
			sourceTree = "<group>";
		};
		4764E13B2996F55100EC982A /* Products */ = {
			isa = PBXGroup;
			children = (
				4764E13A2996F55100EC982A /* swiftuibootcamp.app */,
			);
			name = Products;
			sourceTree = "<group>";
		};
		4764E13C2996F55100EC982A /* swiftuibootcamp */ = {
			isa = PBXGroup;
			children = (
				4764E13D2996F55100EC982A /* swiftuibootcampApp.swift */,
				4764E14B2996F5DF00EC982A /* TextBootCamp.swift */,
				477F9B9D299AEE420058B36C /* FrameBootCamp.swift */,
				47A84D4D29A13BA2006F4DCF /* PaddingAndSpaccerBootcamp.swift */,
				4764E157299925BA00EC982A /* ImagesBootcamp.swift */,
				4764E1552999215500EC982A /* IconsBootcamp.swift */,
				47A84D4B299FAC8E006F4DCF /* StacksBootcamp.swift */,
				477F9B9F299AF6C60058B36C /* BackgroundBootcamp.swift */,
				4764E14F2996FCE000EC982A /* ShapsBootcamp.swift */,
				4764E13F2996F55100EC982A /* ContentView.swift */,
				4764E1412996F55300EC982A /* Assets.xcassets */,
				4764E1432996F55300EC982A /* Preview Content */,
				4764E1512997057E00EC982A /* ColorBootCamp.swift */,
				4764E1532997F24500EC982A /* GradientBootcamp.swift */,
			);
			path = swiftuibootcamp;
			sourceTree = "<group>";
		};
		4764E1432996F55300EC982A /* Preview Content */ = {
			isa = PBXGroup;
			children = (
				4764E1442996F55300EC982A /* Preview Assets.xcassets */,
			);
			path = "Preview Content";
			sourceTree = "<group>";
		};
/* End PBXGroup section */

/* Begin PBXNativeTarget section */
		4764E1392996F55100EC982A /* swiftuibootcamp */ = {
			isa = PBXNativeTarget;
			buildConfigurationList = 4764E1482996F55300EC982A /* Build configuration list for PBXNativeTarget "swiftuibootcamp" */;
			buildPhases = (
				4764E1362996F55100EC982A /* Sources */,
				4764E1372996F55100EC982A /* Frameworks */,
				4764E1382996F55100EC982A /* Resources */,
			);
			buildRules = (
			);
			dependencies = (
			);
			name = swiftuibootcamp;
			productName = swiftuibootcamp;
			productReference = 4764E13A2996F55100EC982A /* swiftuibootcamp.app */;
			productType = "com.apple.product-type.application";
		};
/* End PBXNativeTarget section */

/* Begin PBXProject section */
		4764E1322996F55100EC982A /* Project object */ = {
			isa = PBXProject;
			attributes = {
				BuildIndependentTargetsInParallel = 1;
				LastSwiftUpdateCheck = 1420;
				LastUpgradeCheck = 1420;
				TargetAttributes = {
					4764E1392996F55100EC982A = {
						CreatedOnToolsVersion = 14.2;
					};
				};
			};
			buildConfigurationList = 4764E1352996F55100EC982A /* Build configuration list for PBXProject "swiftuibootcamp" */;
			compatibilityVersion = "Xcode 14.0";
			developmentRegion = en;
			hasScannedForEncodings = 0;
			knownRegions = (
				en,
				Base,
			);
			mainGroup = 4764E1312996F55100EC982A;
			productRefGroup = 4764E13B2996F55100EC982A /* Products */;
			projectDirPath = "";
			projectRoot = "";
			targets = (
				4764E1392996F55100EC982A /* swiftuibootcamp */,
			);
		};
/* End PBXProject section */

/* Begin PBXResourcesBuildPhase section */
		4764E1382996F55100EC982A /* Resources */ = {
			isa = PBXResourcesBuildPhase;
			buildActionMask = 2147483647;
			files = (
				4764E1452996F55300EC982A /* Preview Assets.xcassets in Resources */,
				4764E1422996F55300EC982A /* Assets.xcassets in Resources */,
			);
			runOnlyForDeploymentPostprocessing = 0;
		};
/* End PBXResourcesBuildPhase section */

/* Begin PBXSourcesBuildPhase section */
		4764E1362996F55100EC982A /* Sources */ = {
			isa = PBXSourcesBuildPhase;
			buildActionMask = 2147483647;
			files = (
				4764E1402996F55100EC982A /* ContentView.swift in Sources */,
				4764E13E2996F55100EC982A /* swiftuibootcampApp.swift in Sources */,
				4764E158299925BA00EC982A /* ImagesBootcamp.swift in Sources */,
				4764E1522997057E00EC982A /* ColorBootCamp.swift in Sources */,
				47A84D4E29A13BA2006F4DCF /* PaddingAndSpaccerBootcamp.swift in Sources */,
				4764E1502996FCE000EC982A /* ShapsBootcamp.swift in Sources */,
				4764E1542997F24500EC982A /* GradientBootcamp.swift in Sources */,
				4764E14C2996F5DF00EC982A /* TextBootCamp.swift in Sources */,
				4764E1562999215500EC982A /* IconsBootcamp.swift in Sources */,
				47A84D4C299FAC8E006F4DCF /* StacksBootcamp.swift in Sources */,
				477F9BA0299AF6C60058B36C /* BackgroundBootcamp.swift in Sources */,
				477F9B9E299AEE420058B36C /* FrameBootCamp.swift in Sources */,
			);
			runOnlyForDeploymentPostprocessing = 0;
		};
/* End PBXSourcesBuildPhase section */

/* Begin XCBuildConfiguration section */
		4764E1462996F55300EC982A /* Debug */ = {
			isa = XCBuildConfiguration;
			buildSettings = {
				ALWAYS_SEARCH_USER_PATHS = NO;
				CLANG_ANALYZER_NONNULL = YES;
				CLANG_ANALYZER_NUMBER_OBJECT_CONVERSION = YES_AGGRESSIVE;
				CLANG_CXX_LANGUAGE_STANDARD = "gnu++20";
				CLANG_ENABLE_MODULES = YES;
				CLANG_ENABLE_OBJC_ARC = YES;
				CLANG_ENABLE_OBJC_WEAK = YES;
				CLANG_WARN_BLOCK_CAPTURE_AUTORELEASING = YES;
				CLANG_WARN_BOOL_CONVERSION = YES;
				CLANG_WARN_COMMA = YES;
				CLANG_WARN_CONSTANT_CONVERSION = YES;
				CLANG_WARN_DEPRECATED_OBJC_IMPLEMENTATIONS = YES;
				CLANG_WARN_DIRECT_OBJC_ISA_USAGE = YES_ERROR;
				CLANG_WARN_DOCUMENTATION_COMMENTS = YES;
				CLANG_WARN_EMPTY_BODY = YES;
				CLANG_WARN_ENUM_CONVERSION = YES;
				CLANG_WARN_INFINITE_RECURSION = YES;
				CLANG_WARN_INT_CONVERSION = YES;
				CLANG_WARN_NON_LITERAL_NULL_CONVERSION = YES;
				CLANG_WARN_OBJC_IMPLICIT_RETAIN_SELF = YES;
				CLANG_WARN_OBJC_LITERAL_CONVERSION = YES;
				CLANG_WARN_OBJC_ROOT_CLASS = YES_ERROR;
				CLANG_WARN_QUOTED_INCLUDE_IN_FRAMEWORK_HEADER = YES;
				CLANG_WARN_RANGE_LOOP_ANALYSIS = YES;
				CLANG_WARN_STRICT_PROTOTYPES = YES;
				CLANG_WARN_SUSPICIOUS_MOVE = YES;
				CLANG_WARN_UNGUARDED_AVAILABILITY = YES_AGGRESSIVE;
				CLANG_WARN_UNREACHABLE_CODE = YES;
				CLANG_WARN__DUPLICATE_METHOD_MATCH = YES;
				COPY_PHASE_STRIP = NO;
				DEBUG_INFORMATION_FORMAT = dwarf;
				ENABLE_STRICT_OBJC_MSGSEND = YES;
				ENABLE_TESTABILITY = YES;
				GCC_C_LANGUAGE_STANDARD = gnu11;
				GCC_DYNAMIC_NO_PIC = NO;
				GCC_NO_COMMON_BLOCKS = YES;
				GCC_OPTIMIZATION_LEVEL = 0;
				GCC_PREPROCESSOR_DEFINITIONS = (
					"DEBUG=1",
					"$(inherited)",
				);
				GCC_WARN_64_TO_32_BIT_CONVERSION = YES;
				GCC_WARN_ABOUT_RETURN_TYPE = YES_ERROR;
				GCC_WARN_UNDECLARED_SELECTOR = YES;
				GCC_WARN_UNINITIALIZED_AUTOS = YES_AGGRESSIVE;
				GCC_WARN_UNUSED_FUNCTION = YES;
				GCC_WARN_UNUSED_VARIABLE = YES;
				IPHONEOS_DEPLOYMENT_TARGET = 16.2;
				MTL_ENABLE_DEBUG_INFO = INCLUDE_SOURCE;
				MTL_FAST_MATH = YES;
				ONLY_ACTIVE_ARCH = YES;
				SDKROOT = iphoneos;
				SWIFT_ACTIVE_COMPILATION_CONDITIONS = DEBUG;
				SWIFT_OPTIMIZATION_LEVEL = "-Onone";
			};
			name = Debug;
		};
		4764E1472996F55300EC982A /* Release */ = {
			isa = XCBuildConfiguration;
			buildSettings = {
				ALWAYS_SEARCH_USER_PATHS = NO;
				CLANG_ANALYZER_NONNULL = YES;
				CLANG_ANALYZER_NUMBER_OBJECT_CONVERSION = YES_AGGRESSIVE;
				CLANG_CXX_LANGUAGE_STANDARD = "gnu++20";
				CLANG_ENABLE_MODULES = YES;
				CLANG_ENABLE_OBJC_ARC = YES;
				CLANG_ENABLE_OBJC_WEAK = YES;
				CLANG_WARN_BLOCK_CAPTURE_AUTORELEASING = YES;
				CLANG_WARN_BOOL_CONVERSION = YES;
				CLANG_WARN_COMMA = YES;
				CLANG_WARN_CONSTANT_CONVERSION = YES;
				CLANG_WARN_DEPRECATED_OBJC_IMPLEMENTATIONS = YES;
				CLANG_WARN_DIRECT_OBJC_ISA_USAGE = YES_ERROR;
				CLANG_WARN_DOCUMENTATION_COMMENTS = YES;
				CLANG_WARN_EMPTY_BODY = YES;
				CLANG_WARN_ENUM_CONVERSION = YES;
				CLANG_WARN_INFINITE_RECURSION = YES;
				CLANG_WARN_INT_CONVERSION = YES;
				CLANG_WARN_NON_LITERAL_NULL_CONVERSION = YES;
				CLANG_WARN_OBJC_IMPLICIT_RETAIN_SELF = YES;
				CLANG_WARN_OBJC_LITERAL_CONVERSION = YES;
				CLANG_WARN_OBJC_ROOT_CLASS = YES_ERROR;
				CLANG_WARN_QUOTED_INCLUDE_IN_FRAMEWORK_HEADER = YES;
				CLANG_WARN_RANGE_LOOP_ANALYSIS = YES;
				CLANG_WARN_STRICT_PROTOTYPES = YES;
				CLANG_WARN_SUSPICIOUS_MOVE = YES;
				CLANG_WARN_UNGUARDED_AVAILABILITY = YES_AGGRESSIVE;
				CLANG_WARN_UNREACHABLE_CODE = YES;
				CLANG_WARN__DUPLICATE_METHOD_MATCH = YES;
				COPY_PHASE_STRIP = NO;
				DEBUG_INFORMATION_FORMAT = "dwarf-with-dsym";
				ENABLE_NS_ASSERTIONS = NO;
				ENABLE_STRICT_OBJC_MSGSEND = YES;
				GCC_C_LANGUAGE_STANDARD = gnu11;
				GCC_NO_COMMON_BLOCKS = YES;
				GCC_WARN_64_TO_32_BIT_CONVERSION = YES;
				GCC_WARN_ABOUT_RETURN_TYPE = YES_ERROR;
				GCC_WARN_UNDECLARED_SELECTOR = YES;
				GCC_WARN_UNINITIALIZED_AUTOS = YES_AGGRESSIVE;
				GCC_WARN_UNUSED_FUNCTION = YES;
				GCC_WARN_UNUSED_VARIABLE = YES;
				IPHONEOS_DEPLOYMENT_TARGET = 16.2;
				MTL_ENABLE_DEBUG_INFO = NO;
				MTL_FAST_MATH = YES;
				SDKROOT = iphoneos;
				SWIFT_COMPILATION_MODE = wholemodule;
				SWIFT_OPTIMIZATION_LEVEL = "-O";
				VALIDATE_PRODUCT = YES;
			};
			name = Release;
		};
		4764E1492996F55300EC982A /* Debug */ = {
			isa = XCBuildConfiguration;
			buildSettings = {
				ASSETCATALOG_COMPILER_APPICON_NAME = AppIcon;
				ASSETCATALOG_COMPILER_GLOBAL_ACCENT_COLOR_NAME = AccentColor;
				CODE_SIGN_STYLE = Automatic;
				CURRENT_PROJECT_VERSION = 1;
				DEVELOPMENT_ASSET_PATHS = "\"swiftuibootcamp/Preview Content\"";
				ENABLE_PREVIEWS = YES;
				GENERATE_INFOPLIST_FILE = YES;
				INFOPLIST_KEY_UIApplicationSceneManifest_Generation = YES;
				INFOPLIST_KEY_UIApplicationSupportsIndirectInputEvents = YES;
				INFOPLIST_KEY_UILaunchScreen_Generation = YES;
				INFOPLIST_KEY_UISupportedInterfaceOrientations_iPad = "UIInterfaceOrientationPortrait UIInterfaceOrientationPortraitUpsideDown UIInterfaceOrientationLandscapeLeft UIInterfaceOrientationLandscapeRight";
				INFOPLIST_KEY_UISupportedInterfaceOrientations_iPhone = "UIInterfaceOrientationPortrait UIInterfaceOrientationLandscapeLeft UIInterfaceOrientationLandscapeRight";
				LD_RUNPATH_SEARCH_PATHS = (
					"$(inherited)",
					"@executable_path/Frameworks",
				);
				MARKETING_VERSION = 1.0;
				PRODUCT_BUNDLE_IDENTIFIER = com.ganius.swiftuibootcamp;
				PRODUCT_NAME = "$(TARGET_NAME)";
				SWIFT_EMIT_LOC_STRINGS = YES;
				SWIFT_VERSION = 5.0;
				TARGETED_DEVICE_FAMILY = "1,2";
			};
			name = Debug;
		};
		4764E14A2996F55300EC982A /* Release */ = {
			isa = XCBuildConfiguration;
			buildSettings = {
				ASSETCATALOG_COMPILER_APPICON_NAME = AppIcon;
				ASSETCATALOG_COMPILER_GLOBAL_ACCENT_COLOR_NAME = AccentColor;
				CODE_SIGN_STYLE = Automatic;
				CURRENT_PROJECT_VERSION = 1;
				DEVELOPMENT_ASSET_PATHS = "\"swiftuibootcamp/Preview Content\"";
				ENABLE_PREVIEWS = YES;
				GENERATE_INFOPLIST_FILE = YES;
				INFOPLIST_KEY_UIApplicationSceneManifest_Generation = YES;
				INFOPLIST_KEY_UIApplicationSupportsIndirectInputEvents = YES;
				INFOPLIST_KEY_UILaunchScreen_Generation = YES;
				INFOPLIST_KEY_UISupportedInterfaceOrientations_iPad = "UIInterfaceOrientationPortrait UIInterfaceOrientationPortraitUpsideDown UIInterfaceOrientationLandscapeLeft UIInterfaceOrientationLandscapeRight";
				INFOPLIST_KEY_UISupportedInterfaceOrientations_iPhone = "UIInterfaceOrientationPortrait UIInterfaceOrientationLandscapeLeft UIInterfaceOrientationLandscapeRight";
				LD_RUNPATH_SEARCH_PATHS = (
					"$(inherited)",
					"@executable_path/Frameworks",
				);
				MARKETING_VERSION = 1.0;
				PRODUCT_BUNDLE_IDENTIFIER = com.ganius.swiftuibootcamp;
				PRODUCT_NAME = "$(TARGET_NAME)";
				SWIFT_EMIT_LOC_STRINGS = YES;
				SWIFT_VERSION = 5.0;
				TARGETED_DEVICE_FAMILY = "1,2";
			};
			name = Release;
		};
/* End XCBuildConfiguration section */

/* Begin XCConfigurationList section */
		4764E1352996F55100EC982A /* Build configuration list for PBXProject "swiftuibootcamp" */ = {
			isa = XCConfigurationList;
			buildConfigurations = (
				4764E1462996F55300EC982A /* Debug */,
				4764E1472996F55300EC982A /* Release */,
			);
			defaultConfigurationIsVisible = 0;
			defaultConfigurationName = Release;
		};
		4764E1482996F55300EC982A /* Build configuration list for PBXNativeTarget "swiftuibootcamp" */ = {
			isa = XCConfigurationList;
			buildConfigurations = (
				4764E1492996F55300EC982A /* Debug */,
				4764E14A2996F55300EC982A /* Release */,
			);
			defaultConfigurationIsVisible = 0;
			defaultConfigurationName = Release;
		};
/* End XCConfigurationList section */
	};
	rootObject = 4764E1322996F55100EC982A /* Project object */;
}
